// !$*UTF8*$!
{
	archiveVersion = 1;
	classes = {
	};
	objectVersion = 50;
	objects = {

/* Begin PBXBuildFile section */
		2D6347D6265533E500980AEC /* AppDelegate.swift in Sources */ = {isa = PBXBuildFile; fileRef = 2D6347D5265533E500980AEC /* AppDelegate.swift */; };
		2D6347D8265533E500980AEC /* art.scnassets in Resources */ = {isa = PBXBuildFile; fileRef = 2D6347D7265533E500980AEC /* art.scnassets */; };
		2D6347DA265533E500980AEC /* ViewController.swift in Sources */ = {isa = PBXBuildFile; fileRef = 2D6347D9265533E500980AEC /* ViewController.swift */; };
		2D6347DD265533E500980AEC /* Main.storyboard in Resources */ = {isa = PBXBuildFile; fileRef = 2D6347DB265533E500980AEC /* Main.storyboard */; };
		2D6347DF265533E600980AEC /* Assets.xcassets in Resources */ = {isa = PBXBuildFile; fileRef = 2D6347DE265533E600980AEC /* Assets.xcassets */; };
		2D6347E2265533E600980AEC /* LaunchScreen.storyboard in Resources */ = {isa = PBXBuildFile; fileRef = 2D6347E0265533E600980AEC /* LaunchScreen.storyboard */; };
		2D6347EC265534B800980AEC /* Plane.swift in Sources */ = {isa = PBXBuildFile; fileRef = 2D6347EB265534B800980AEC /* Plane.swift */; };
		2D6347F026553CF700980AEC /* hello.png in Resources */ = {isa = PBXBuildFile; fileRef = 2D6347EF26553CF700980AEC /* hello.png */; };
		2D6347F2265544E300980AEC /* Box.swift in Sources */ = {isa = PBXBuildFile; fileRef = 2D6347F1265544E300980AEC /* Box.swift */; };
/* End PBXBuildFile section */

/* Begin PBXFileReference section */
		2D6347D2265533E500980AEC /* ARKitDemo2.app */ = {isa = PBXFileReference; explicitFileType = wrapper.application; includeInIndex = 0; path = ARKitDemo2.app; sourceTree = BUILT_PRODUCTS_DIR; };
		2D6347D5265533E500980AEC /* AppDelegate.swift */ = {isa = PBXFileReference; lastKnownFileType = sourcecode.swift; path = AppDelegate.swift; sourceTree = "<group>"; };
		2D6347D7265533E500980AEC /* art.scnassets */ = {isa = PBXFileReference; lastKnownFileType = wrapper.scnassets; path = art.scnassets; sourceTree = "<group>"; };
		2D6347D9265533E500980AEC /* ViewController.swift */ = {isa = PBXFileReference; lastKnownFileType = sourcecode.swift; path = ViewController.swift; sourceTree = "<group>"; };
		2D6347DC265533E500980AEC /* Base */ = {isa = PBXFileReference; lastKnownFileType = file.storyboard; name = Base; path = Base.lproj/Main.storyboard; sourceTree = "<group>"; };
		2D6347DE265533E600980AEC /* Assets.xcassets */ = {isa = PBXFileReference; lastKnownFileType = folder.assetcatalog; path = Assets.xcassets; sourceTree = "<group>"; };
		2D6347E1265533E600980AEC /* Base */ = {isa = PBXFileReference; lastKnownFileType = file.storyboard; name = Base; path = Base.lproj/LaunchScreen.storyboard; sourceTree = "<group>"; };
		2D6347E3265533E600980AEC /* Info.plist */ = {isa = PBXFileReference; lastKnownFileType = text.plist.xml; path = Info.plist; sourceTree = "<group>"; };
		2D6347EB265534B800980AEC /* Plane.swift */ = {isa = PBXFileReference; lastKnownFileType = sourcecode.swift; path = Plane.swift; sourceTree = "<group>"; };
		2D6347EF26553CF700980AEC /* hello.png */ = {isa = PBXFileReference; lastKnownFileType = image.png; path = hello.png; sourceTree = "<group>"; };
		2D6347F1265544E300980AEC /* Box.swift */ = {isa = PBXFileReference; lastKnownFileType = sourcecode.swift; path = Box.swift; sourceTree = "<group>"; };
/* End PBXFileReference section */

/* Begin PBXFrameworksBuildPhase section */
		2D6347CF265533E500980AEC /* Frameworks */ = {
			isa = PBXFrameworksBuildPhase;
			buildActionMask = 2147483647;
			files = (
			);
			runOnlyForDeploymentPostprocessing = 0;
		};
/* End PBXFrameworksBuildPhase section */

/* Begin PBXGroup section */
		2D6347C9265533E500980AEC = {
			isa = PBXGroup;
			children = (
				2D6347D4265533E500980AEC /* ARKitDemo2 */,
				2D6347D3265533E500980AEC /* Products */,
			);
			sourceTree = "<group>";
		};
		2D6347D3265533E500980AEC /* Products */ = {
			isa = PBXGroup;
			children = (
				2D6347D2265533E500980AEC /* ARKitDemo2.app */,
			);
			name = Products;
			sourceTree = "<group>";
		};
		2D6347D4265533E500980AEC /* ARKitDemo2 */ = {
			isa = PBXGroup;
			children = (
				2D6347D5265533E500980AEC /* AppDelegate.swift */,
				2D6347D7265533E500980AEC /* art.scnassets */,
				2D6347D9265533E500980AEC /* ViewController.swift */,
				2D6347EB265534B800980AEC /* Plane.swift */,
				2D6347F1265544E300980AEC /* Box.swift */,
				2D6347DB265533E500980AEC /* Main.storyboard */,
				2D6347DE265533E600980AEC /* Assets.xcassets */,
				2D6347E0265533E600980AEC /* LaunchScreen.storyboard */,
				2D6347EF26553CF700980AEC /* hello.png */,
				2D6347E3265533E600980AEC /* Info.plist */,
			);
			path = ARKitDemo2;
			sourceTree = "<group>";
		};
/* End PBXGroup section */

/* Begin PBXNativeTarget section */
		2D6347D1265533E500980AEC /* ARKitDemo2 */ = {
			isa = PBXNativeTarget;
			buildConfigurationList = 2D6347E6265533E600980AEC /* Build configuration list for PBXNativeTarget "ARKitDemo2" */;
			buildPhases = (
				2D6347CE265533E500980AEC /* Sources */,
				2D6347CF265533E500980AEC /* Frameworks */,
				2D6347D0265533E500980AEC /* Resources */,
			);
			buildRules = (
			);
			dependencies = (
			);
			name = ARKitDemo2;
			productName = ARKitDemo2;
			productReference = 2D6347D2265533E500980AEC /* ARKitDemo2.app */;
			productType = "com.apple.product-type.application";
		};
/* End PBXNativeTarget section */

/* Begin PBXProject section */
		2D6347CA265533E500980AEC /* Project object */ = {
			isa = PBXProject;
			attributes = {
				LastSwiftUpdateCheck = 1250;
				LastUpgradeCheck = 1250;
				TargetAttributes = {
					2D6347D1265533E500980AEC = {
						CreatedOnToolsVersion = 12.5;
					};
				};
			};
			buildConfigurationList = 2D6347CD265533E500980AEC /* Build configuration list for PBXProject "ARKitDemo2" */;
			compatibilityVersion = "Xcode 9.3";
			developmentRegion = en;
			hasScannedForEncodings = 0;
			knownRegions = (
				en,
				Base,
			);
			mainGroup = 2D6347C9265533E500980AEC;
			productRefGroup = 2D6347D3265533E500980AEC /* Products */;
			projectDirPath = "";
			projectRoot = "";
			targets = (
				2D6347D1265533E500980AEC /* ARKitDemo2 */,
			);
		};
/* End PBXProject section */

/* Begin PBXResourcesBuildPhase section */
		2D6347D0265533E500980AEC /* Resources */ = {
			isa = PBXResourcesBuildPhase;
			buildActionMask = 2147483647;
			files = (
				2D6347D8265533E500980AEC /* art.scnassets in Resources */,
				2D6347E2265533E600980AEC /* LaunchScreen.storyboard in Resources */,
				2D6347DF265533E600980AEC /* Assets.xcassets in Resources */,
				2D6347F026553CF700980AEC /* hello.png in Resources */,
				2D6347DD265533E500980AEC /* Main.storyboard in Resources */,
			);
			runOnlyForDeploymentPostprocessing = 0;
		};
/* End PBXResourcesBuildPhase section */

/* Begin PBXSourcesBuildPhase section */
		2D6347CE265533E500980AEC /* Sources */ = {
			isa = PBXSourcesBuildPhase;
			buildActionMask = 2147483647;
			files = (
				2D6347DA265533E500980AEC /* ViewController.swift in Sources */,
				2D6347F2265544E300980AEC /* Box.swift in Sources */,
				2D6347EC265534B800980AEC /* Plane.swift in Sources */,
				2D6347D6265533E500980AEC /* AppDelegate.swift in Sources */,
			);
			runOnlyForDeploymentPostprocessing = 0;
		};
/* End PBXSourcesBuildPhase section */

/* Begin PBXVariantGroup section */
		2D6347DB265533E500980AEC /* Main.storyboard */ = {
			isa = PBXVariantGroup;
			children = (
				2D6347DC265533E500980AEC /* Base */,
			);
			name = Main.storyboard;
			sourceTree = "<group>";
		};
		2D6347E0265533E600980AEC /* LaunchScreen.storyboard */ = {
			isa = PBXVariantGroup;
			children = (
				2D6347E1265533E600980AEC /* Base */,
			);
			name = LaunchScreen.storyboard;
			sourceTree = "<group>";
		};
/* End PBXVariantGroup section */

/* Begin XCBuildConfiguration section */
		2D6347E4265533E600980AEC /* Debug */ = {
			isa = XCBuildConfiguration;
			buildSettings = {
				ALWAYS_SEARCH_USER_PATHS = NO;
				CLANG_ANALYZER_NONNULL = YES;
				CLANG_ANALYZER_NUMBER_OBJECT_CONVERSION = YES_AGGRESSIVE;
				CLANG_CXX_LANGUAGE_STANDARD = "gnu++14";
				CLANG_CXX_LIBRARY = "libc++";
				CLANG_ENABLE_MODULES = YES;
				CLANG_ENABLE_OBJC_ARC = YES;
				CLANG_ENABLE_OBJC_WEAK = YES;
				CLANG_WARN_BLOCK_CAPTURE_AUTORELEASING = YES;
				CLANG_WARN_BOOL_CONVERSION = YES;
				CLANG_WARN_COMMA = YES;
				CLANG_WARN_CONSTANT_CONVERSION = YES;
				CLANG_WARN_DEPRECATED_OBJC_IMPLEMENTATIONS = YES;
				CLANG_WARN_DIRECT_OBJC_ISA_USAGE = YES_ERROR;
				CLANG_WARN_DOCUMENTATION_COMMENTS = YES;
				CLANG_WARN_EMPTY_BODY = YES;
				CLANG_WARN_ENUM_CONVERSION = YES;
				CLANG_WARN_INFINITE_RECURSION = YES;
				CLANG_WARN_INT_CONVERSION = YES;
				CLANG_WARN_NON_LITERAL_NULL_CONVERSION = YES;
				CLANG_WARN_OBJC_IMPLICIT_RETAIN_SELF = YES;
				CLANG_WARN_OBJC_LITERAL_CONVERSION = YES;
				CLANG_WARN_OBJC_ROOT_CLASS = YES_ERROR;
				CLANG_WARN_QUOTED_INCLUDE_IN_FRAMEWORK_HEADER = YES;
				CLANG_WARN_RANGE_LOOP_ANALYSIS = YES;
				CLANG_WARN_STRICT_PROTOTYPES = YES;
				CLANG_WARN_SUSPICIOUS_MOVE = YES;
				CLANG_WARN_UNGUARDED_AVAILABILITY = YES_AGGRESSIVE;
				CLANG_WARN_UNREACHABLE_CODE = YES;
				CLANG_WARN__DUPLICATE_METHOD_MATCH = YES;
				COPY_PHASE_STRIP = NO;
				DEBUG_INFORMATION_FORMAT = dwarf;
				ENABLE_STRICT_OBJC_MSGSEND = YES;
				ENABLE_TESTABILITY = YES;
				GCC_C_LANGUAGE_STANDARD = gnu11;
				GCC_DYNAMIC_NO_PIC = NO;
				GCC_NO_COMMON_BLOCKS = YES;
				GCC_OPTIMIZATION_LEVEL = 0;
				GCC_PREPROCESSOR_DEFINITIONS = (
					"DEBUG=1",
					"$(inherited)",
				);
				GCC_WARN_64_TO_32_BIT_CONVERSION = YES;
				GCC_WARN_ABOUT_RETURN_TYPE = YES_ERROR;
				GCC_WARN_UNDECLARED_SELECTOR = YES;
				GCC_WARN_UNINITIALIZED_AUTOS = YES_AGGRESSIVE;
				GCC_WARN_UNUSED_FUNCTION = YES;
				GCC_WARN_UNUSED_VARIABLE = YES;
				IPHONEOS_DEPLOYMENT_TARGET = 14.5;
				MTL_ENABLE_DEBUG_INFO = INCLUDE_SOURCE;
				MTL_FAST_MATH = YES;
				ONLY_ACTIVE_ARCH = YES;
				SDKROOT = iphoneos;
				SWIFT_ACTIVE_COMPILATION_CONDITIONS = DEBUG;
				SWIFT_OPTIMIZATION_LEVEL = "-Onone";
			};
			name = Debug;
		};
		2D6347E5265533E600980AEC /* Release */ = {
			isa = XCBuildConfiguration;
			buildSettings = {
				ALWAYS_SEARCH_USER_PATHS = NO;
				CLANG_ANALYZER_NONNULL = YES;
				CLANG_ANALYZER_NUMBER_OBJECT_CONVERSION = YES_AGGRESSIVE;
				CLANG_CXX_LANGUAGE_STANDARD = "gnu++14";
				CLANG_CXX_LIBRARY = "libc++";
				CLANG_ENABLE_MODULES = YES;
				CLANG_ENABLE_OBJC_ARC = YES;
				CLANG_ENABLE_OBJC_WEAK = YES;
				CLANG_WARN_BLOCK_CAPTURE_AUTORELEASING = YES;
				CLANG_WARN_BOOL_CONVERSION = YES;
				CLANG_WARN_COMMA = YES;
				CLANG_WARN_CONSTANT_CONVERSION = YES;
				CLANG_WARN_DEPRECATED_OBJC_IMPLEMENTATIONS = YES;
				CLANG_WARN_DIRECT_OBJC_ISA_USAGE = YES_ERROR;
				CLANG_WARN_DOCUMENTATION_COMMENTS = YES;
				CLANG_WARN_EMPTY_BODY = YES;
				CLANG_WARN_ENUM_CONVERSION = YES;
				CLANG_WARN_INFINITE_RECURSION = YES;
				CLANG_WARN_INT_CONVERSION = YES;
				CLANG_WARN_NON_LITERAL_NULL_CONVERSION = YES;
				CLANG_WARN_OBJC_IMPLICIT_RETAIN_SELF = YES;
				CLANG_WARN_OBJC_LITERAL_CONVERSION = YES;
				CLANG_WARN_OBJC_ROOT_CLASS = YES_ERROR;
				CLANG_WARN_QUOTED_INCLUDE_IN_FRAMEWORK_HEADER = YES;
				CLANG_WARN_RANGE_LOOP_ANALYSIS = YES;
				CLANG_WARN_STRICT_PROTOTYPES = YES;
				CLANG_WARN_SUSPICIOUS_MOVE = YES;
				CLANG_WARN_UNGUARDED_AVAILABILITY = YES_AGGRESSIVE;
				CLANG_WARN_UNREACHABLE_CODE = YES;
				CLANG_WARN__DUPLICATE_METHOD_MATCH = YES;
				COPY_PHASE_STRIP = NO;
				DEBUG_INFORMATION_FORMAT = "dwarf-with-dsym";
				ENABLE_NS_ASSERTIONS = NO;
				ENABLE_STRICT_OBJC_MSGSEND = YES;
				GCC_C_LANGUAGE_STANDARD = gnu11;
				GCC_NO_COMMON_BLOCKS = YES;
				GCC_WARN_64_TO_32_BIT_CONVERSION = YES;
				GCC_WARN_ABOUT_RETURN_TYPE = YES_ERROR;
				GCC_WARN_UNDECLARED_SELECTOR = YES;
				GCC_WARN_UNINITIALIZED_AUTOS = YES_AGGRESSIVE;
				GCC_WARN_UNUSED_FUNCTION = YES;
				GCC_WARN_UNUSED_VARIABLE = YES;
				IPHONEOS_DEPLOYMENT_TARGET = 14.5;
				MTL_ENABLE_DEBUG_INFO = NO;
				MTL_FAST_MATH = YES;
				SDKROOT = iphoneos;
				SWIFT_COMPILATION_MODE = wholemodule;
				SWIFT_OPTIMIZATION_LEVEL = "-O";
				VALIDATE_PRODUCT = YES;
			};
			name = Release;
		};
		2D6347E7265533E600980AEC /* Debug */ = {
			isa = XCBuildConfiguration;
			buildSettings = {
				ASSETCATALOG_COMPILER_APPICON_NAME = AppIcon;
				ASSETCATALOG_COMPILER_GLOBAL_ACCENT_COLOR_NAME = AccentColor;
				CODE_SIGN_STYLE = Automatic;
				DEVELOPMENT_TEAM = 3NQ62UFLS8;
				INFOPLIST_FILE = ARKitDemo2/Info.plist;
				LD_RUNPATH_SEARCH_PATHS = (
					"$(inherited)",
					"@executable_path/Frameworks",
				);
				PRODUCT_BUNDLE_IDENTIFIER = by.TMS.ARKitDemo2;
				PRODUCT_NAME = "$(TARGET_NAME)";
				SWIFT_VERSION = 5.0;
				TARGETED_DEVICE_FAMILY = "1,2";
			};
			name = Debug;
		};
		2D6347E8265533E600980AEC /* Release */ = {
			isa = XCBuildConfiguration;
			buildSettings = {
				ASSETCATALOG_COMPILER_APPICON_NAME = AppIcon;
				ASSETCATALOG_COMPILER_GLOBAL_ACCENT_COLOR_NAME = AccentColor;
				CODE_SIGN_STYLE = Automatic;
				DEVELOPMENT_TEAM = 3NQ62UFLS8;
				INFOPLIST_FILE = ARKitDemo2/Info.plist;
				LD_RUNPATH_SEARCH_PATHS = (
					"$(inherited)",
					"@executable_path/Frameworks",
				);
				PRODUCT_BUNDLE_IDENTIFIER = by.TMS.ARKitDemo2;
				PRODUCT_NAME = "$(TARGET_NAME)";
				SWIFT_VERSION = 5.0;
				TARGETED_DEVICE_FAMILY = "1,2";
			};
			name = Release;
		};
/* End XCBuildConfiguration section */

/* Begin XCConfigurationList section */
		2D6347CD265533E500980AEC /* Build configuration list for PBXProject "ARKitDemo2" */ = {
			isa = XCConfigurationList;
			buildConfigurations = (
				2D6347E4265533E600980AEC /* Debug */,
				2D6347E5265533E600980AEC /* Release */,
			);
			defaultConfigurationIsVisible = 0;
			defaultConfigurationName = Release;
		};
		2D6347E6265533E600980AEC /* Build configuration list for PBXNativeTarget "ARKitDemo2" */ = {
			isa = XCConfigurationList;
			buildConfigurations = (
				2D6347E7265533E600980AEC /* Debug */,
				2D6347E8265533E600980AEC /* Release */,
			);
			defaultConfigurationIsVisible = 0;
			defaultConfigurationName = Release;
		};
/* End XCConfigurationList section */
	};
	rootObject = 2D6347CA265533E500980AEC /* Project object */;
}
